// !$*UTF8*$!
{
	archiveVersion = 1;
	classes = {
	};
	objectVersion = 56;
	objects = {

/* Begin PBXFileReference section */
		1A425A0A28EE73E90052F218 /* index.html */ = {isa = PBXFileReference; lastKnownFileType = text.html; path = index.html; sourceTree = "<group>"; };
		1A425A0B28EE74690052F218 /* about */ = {isa = PBXFileReference; lastKnownFileType = folder; path = about; sourceTree = "<group>"; };
		1A425A0C28EE76660052F218 /* archive */ = {isa = PBXFileReference; lastKnownFileType = folder; path = archive; sourceTree = "<group>"; };
		1A425A0D28EE76B60052F218 /* MyResume.textClipping */ = {isa = PBXFileReference; lastKnownFileType = file.bplist; path = MyResume.textClipping; sourceTree = "<group>"; };
		1A425A0E28EE76B60052F218 /* intern */ = {isa = PBXFileReference; lastKnownFileType = folder; path = intern; sourceTree = "<group>"; };
		1A425A0F28EE76B60052F218 /* member */ = {isa = PBXFileReference; lastKnownFileType = folder; path = member; sourceTree = "<group>"; };
		1A425A1028EE76B70052F218 /* CNAME */ = {isa = PBXFileReference; lastKnownFileType = text; path = CNAME; sourceTree = "<group>"; };
		1A425A1128EE76B70052F218 /* blog */ = {isa = PBXFileReference; lastKnownFileType = folder; path = blog; sourceTree = "<group>"; };
		1A425A1228EE76B70052F218 /* dialogika */ = {isa = PBXFileReference; lastKnownFileType = folder; path = dialogika; sourceTree = "<group>"; };
		1A425A1328EE76B70052F218 /* feedback */ = {isa = PBXFileReference; lastKnownFileType = folder; path = feedback; sourceTree = "<group>"; };
		1A425A1428EE76B70052F218 /* request */ = {isa = PBXFileReference; lastKnownFileType = folder; path = request; sourceTree = "<group>"; };
		1A425A1528EE76B70052F218 /* subscribe */ = {isa = PBXFileReference; lastKnownFileType = folder; path = subscribe; sourceTree = "<group>"; };
		1A425A1628EE76B80052F218 /* workshop */ = {isa = PBXFileReference; lastKnownFileType = folder; path = workshop; sourceTree = "<group>"; };
		1A425A1728EE76B80052F218 /* promo */ = {isa = PBXFileReference; lastKnownFileType = folder; path = promo; sourceTree = "<group>"; };
		1A425A1828EE76B80052F218 /* assets */ = {isa = PBXFileReference; lastKnownFileType = folder; path = assets; sourceTree = "<group>"; };
		1A425A1928EE76B80052F218 /* pinterest-d9180.html */ = {isa = PBXFileReference; lastKnownFileType = text.html; path = "pinterest-d9180.html"; sourceTree = "<group>"; };
		1A425A1A28EE76B80052F218 /* corporate */ = {isa = PBXFileReference; lastKnownFileType = folder; path = corporate; sourceTree = "<group>"; };
		1A425A1B28EE76B80052F218 /* mentor */ = {isa = PBXFileReference; lastKnownFileType = folder; path = mentor; sourceTree = "<group>"; };
		1A425A1C28EE76B80052F218 /* forms */ = {isa = PBXFileReference; lastKnownFileType = folder; path = forms; sourceTree = "<group>"; };
		1A425A1D28EE76B90052F218 /* pays */ = {isa = PBXFileReference; lastKnownFileType = folder; path = pays; sourceTree = "<group>"; };
		1A425A1E28EE76B90052F218 /* index.html */ = {isa = PBXFileReference; lastKnownFileType = text.html; path = index.html; sourceTree = "<group>"; };
		1A425A1F28EE76B90052F218 /* program */ = {isa = PBXFileReference; lastKnownFileType = folder; path = program; sourceTree = "<group>"; };
		1A425A2028EE76B90052F218 /* landing */ = {isa = PBXFileReference; lastKnownFileType = folder; path = landing; sourceTree = "<group>"; };
/* End PBXFileReference section */

/* Begin PBXGroup section */
		1A425A0328EE73650052F218 = {
			isa = PBXGroup;
			children = (
				1A425A0A28EE73E90052F218 /* index.html */,
				1A425A1828EE76B80052F218 /* assets */,
				1A425A1128EE76B70052F218 /* blog */,
				1A425A1028EE76B70052F218 /* CNAME */,
				1A425A1A28EE76B80052F218 /* corporate */,
				1A425A1228EE76B70052F218 /* dialogika */,
				1A425A1328EE76B70052F218 /* feedback */,
				1A425A1C28EE76B80052F218 /* forms */,
				1A425A1E28EE76B90052F218 /* index.html */,
				1A425A0E28EE76B60052F218 /* intern */,
				1A425A2028EE76B90052F218 /* landing */,
				1A425A0F28EE76B60052F218 /* member */,
				1A425A1B28EE76B80052F218 /* mentor */,
				1A425A0D28EE76B60052F218 /* MyResume.textClipping */,
				1A425A1D28EE76B90052F218 /* pays */,
				1A425A1928EE76B80052F218 /* pinterest-d9180.html */,
				1A425A1F28EE76B90052F218 /* program */,
				1A425A1728EE76B80052F218 /* promo */,
				1A425A1428EE76B70052F218 /* request */,
				1A425A1528EE76B70052F218 /* subscribe */,
				1A425A1628EE76B80052F218 /* workshop */,
				1A425A0B28EE74690052F218 /* about */,
				1A425A0C28EE76660052F218 /* archive */,
			);
			sourceTree = "<group>";
		};
/* End PBXGroup section */

/* Begin PBXProject section */
		1A425A0428EE73650052F218 /* Project object */ = {
			isa = PBXProject;
			attributes = {
				BuildIndependentTargetsInParallel = 1;
				LastUpgradeCheck = 1400;
			};
			buildConfigurationList = 1A425A0728EE73650052F218 /* Build configuration list for PBXProject "dialogika" */;
			compatibilityVersion = "Xcode 14.0";
			developmentRegion = en;
			hasScannedForEncodings = 0;
			knownRegions = (
				en,
				Base,
			);
			mainGroup = 1A425A0328EE73650052F218;
			projectDirPath = "";
			projectRoot = "";
			targets = (
			);
		};
/* End PBXProject section */

/* Begin XCBuildConfiguration section */
		1A425A0828EE73650052F218 /* Debug */ = {
			isa = XCBuildConfiguration;
			buildSettings = {
			};
			name = Debug;
		};
		1A425A0928EE73650052F218 /* Release */ = {
			isa = XCBuildConfiguration;
			buildSettings = {
			};
			name = Release;
		};
/* End XCBuildConfiguration section */

/* Begin XCConfigurationList section */
		1A425A0728EE73650052F218 /* Build configuration list for PBXProject "dialogika" */ = {
			isa = XCConfigurationList;
			buildConfigurations = (
				1A425A0828EE73650052F218 /* Debug */,
				1A425A0928EE73650052F218 /* Release */,
			);
			defaultConfigurationIsVisible = 0;
			defaultConfigurationName = Release;
		};
/* End XCConfigurationList section */
	};
	rootObject = 1A425A0428EE73650052F218 /* Project object */;
}
